
Microsoft Visual Studio Solution File, Format Version 12.00
# Visual Studio Version 16
VisualStudioVersion = 16.0.30413.136
MinimumVisualStudioVersion = 10.0.40219.1
Project("{FAE04EC0-301F-11D3-BF4B-00C04F79EFBC}") = "2021-03-16_Calculadora", "2021-03-16_Calculadora.csproj", "{7BAB9DA6-EAAA-48C4-8158-B4F77B3A5A48}"
EndProject
Project("{FAE04EC0-301F-11D3-BF4B-00C04F79EFBC}") = "sum", "..\sum\sum.csproj", "{2FDE4669-104D-4E3C-AE3C-1CE5DA6C29CB}"
EndProject
Project("{FAE04EC0-301F-11D3-BF4B-00C04F79EFBC}") = "product", "..\product\product.csproj", "{585D9395-8963-4563-8F5A-F111D8441E38}"
EndProject
Project("{FAE04EC0-301F-11D3-BF4B-00C04F79EFBC}") = "Validadores", "..\Validadores\Validadores.csproj", "{42A09B0E-3E6F-4063-8522-73E1B50DE519}"
EndProject
Global
	GlobalSection(SolutionConfigurationPlatforms) = preSolution
		Debug|Any CPU = Debug|Any CPU
		Release|Any CPU = Release|Any CPU
	EndGlobalSection
	GlobalSection(ProjectConfigurationPlatforms) = postSolution
		{7BAB9DA6-EAAA-48C4-8158-B4F77B3A5A48}.Debug|Any CPU.ActiveCfg = Debug|Any CPU
		{7BAB9DA6-EAAA-48C4-8158-B4F77B3A5A48}.Debug|Any CPU.Build.0 = Debug|Any CPU
		{7BAB9DA6-EAAA-48C4-8158-B4F77B3A5A48}.Release|Any CPU.ActiveCfg = Release|Any CPU
		{7BAB9DA6-EAAA-48C4-8158-B4F77B3A5A48}.Release|Any CPU.Build.0 = Release|Any CPU
		{2FDE4669-104D-4E3C-AE3C-1CE5DA6C29CB}.Debug|Any CPU.ActiveCfg = Debug|Any CPU
		{2FDE4669-104D-4E3C-AE3C-1CE5DA6C29CB}.Debug|Any CPU.Build.0 = Debug|Any CPU
		{2FDE4669-104D-4E3C-AE3C-1CE5DA6C29CB}.Release|Any CPU.ActiveCfg = Release|Any CPU
		{2FDE4669-104D-4E3C-AE3C-1CE5DA6C29CB}.Release|Any CPU.Build.0 = Release|Any CPU
		{585D9395-8963-4563-8F5A-F111D8441E38}.Debug|Any CPU.ActiveCfg = Debug|Any CPU
		{585D9395-8963-4563-8F5A-F111D8441E38}.Debug|Any CPU.Build.0 = Debug|Any CPU
		{585D9395-8963-4563-8F5A-F111D8441E38}.Release|Any CPU.ActiveCfg = Release|Any CPU
		{585D9395-8963-4563-8F5A-F111D8441E38}.Release|Any CPU.Build.0 = Release|Any CPU
		{42A09B0E-3E6F-4063-8522-73E1B50DE519}.Debug|Any CPU.ActiveCfg = Debug|Any CPU
		{42A09B0E-3E6F-4063-8522-73E1B50DE519}.Debug|Any CPU.Build.0 = Debug|Any CPU
		{42A09B0E-3E6F-4063-8522-73E1B50DE519}.Release|Any CPU.ActiveCfg = Release|Any CPU
		{42A09B0E-3E6F-4063-8522-73E1B50DE519}.Release|Any CPU.Build.0 = Release|Any CPU
	EndGlobalSection
	GlobalSection(SolutionProperties) = preSolution
		HideSolutionNode = FALSE
	EndGlobalSection
	GlobalSection(ExtensibilityGlobals) = postSolution
		SolutionGuid = {54255B88-9A1C-4E0C-B9E6-0AD5DB185366}
	EndGlobalSection
EndGlobal
